
Microsoft Visual Studio Solution File, Format Version 12.00
# Visual Studio Version 16
VisualStudioVersion = 16.0.32228.343
MinimumVisualStudioVersion = 10.0.40219.1
Project("{FAE04EC0-301F-11D3-BF4B-00C04F79EFBC}") = "Student_Data", "Student_Data\Student_Data.csproj", "{7FDEFBBB-5D14-436F-A589-4193B3B825B5}"
EndProject
Global
	GlobalSection(SolutionConfigurationPlatforms) = preSolution
		Debug|Any CPU = Debug|Any CPU
		Release|Any CPU = Release|Any CPU
	EndGlobalSection
	GlobalSection(ProjectConfigurationPlatforms) = postSolution
		{7FDEFBBB-5D14-436F-A589-4193B3B825B5}.Debug|Any CPU.ActiveCfg = Debug|Any CPU
		{7FDEFBBB-5D14-436F-A589-4193B3B825B5}.Debug|Any CPU.Build.0 = Debug|Any CPU
		{7FDEFBBB-5D14-436F-A589-4193B3B825B5}.Release|Any CPU.ActiveCfg = Release|Any CPU
		{7FDEFBBB-5D14-436F-A589-4193B3B825B5}.Release|Any CPU.Build.0 = Release|Any CPU
	EndGlobalSection
	GlobalSection(SolutionProperties) = preSolution
		HideSolutionNode = FALSE
	EndGlobalSection
	GlobalSection(ExtensibilityGlobals) = postSolution
		SolutionGuid = {F8D0687A-70D1-4E8E-B690-7BD6949AE233}
	EndGlobalSection
EndGlobal
